// !$*UTF8*$!
{
	archiveVersion = 1;
	classes = {
	};
	objectVersion = 50;
	objects = {

/* Begin PBXBuildFile section */
		80DEF40726D6221B004EC6A4 /* AppDelegate.swift in Sources */ = {isa = PBXBuildFile; fileRef = 80DEF40626D6221B004EC6A4 /* AppDelegate.swift */; };
		80DEF40926D6221B004EC6A4 /* SceneDelegate.swift in Sources */ = {isa = PBXBuildFile; fileRef = 80DEF40826D6221B004EC6A4 /* SceneDelegate.swift */; };
		80DEF40B26D6221B004EC6A4 /* ViewController.swift in Sources */ = {isa = PBXBuildFile; fileRef = 80DEF40A26D6221B004EC6A4 /* ViewController.swift */; };
		80DEF40E26D6221B004EC6A4 /* Main.storyboard in Resources */ = {isa = PBXBuildFile; fileRef = 80DEF40C26D6221B004EC6A4 /* Main.storyboard */; };
		80DEF41026D6221E004EC6A4 /* Assets.xcassets in Resources */ = {isa = PBXBuildFile; fileRef = 80DEF40F26D6221E004EC6A4 /* Assets.xcassets */; };
		80DEF41326D6221E004EC6A4 /* LaunchScreen.storyboard in Resources */ = {isa = PBXBuildFile; fileRef = 80DEF41126D6221E004EC6A4 /* LaunchScreen.storyboard */; };
		80DEF42226D6562E004EC6A4 /* record_image.png in Resources */ = {isa = PBXBuildFile; fileRef = 80DEF42126D6562E004EC6A4 /* record_image.png */; };
		80DEF42726D659A4004EC6A4 /* stop_image.png in Resources */ = {isa = PBXBuildFile; fileRef = 80DEF42526D659A4004EC6A4 /* stop_image.png */; };
		80DEF42826D659A4004EC6A4 /* play_image.png in Resources */ = {isa = PBXBuildFile; fileRef = 80DEF42626D659A4004EC6A4 /* play_image.png */; };
		80DEF42C26D659CD004EC6A4 /* start_button.png in Resources */ = {isa = PBXBuildFile; fileRef = 80DEF42B26D659CD004EC6A4 /* start_button.png */; };
/* End PBXBuildFile section */

/* Begin PBXFileReference section */
		80DEF40326D6221B004EC6A4 /* ClapPro.app */ = {isa = PBXFileReference; explicitFileType = wrapper.application; includeInIndex = 0; path = ClapPro.app; sourceTree = BUILT_PRODUCTS_DIR; };
		80DEF40626D6221B004EC6A4 /* AppDelegate.swift */ = {isa = PBXFileReference; lastKnownFileType = sourcecode.swift; path = AppDelegate.swift; sourceTree = "<group>"; };
		80DEF40826D6221B004EC6A4 /* SceneDelegate.swift */ = {isa = PBXFileReference; lastKnownFileType = sourcecode.swift; path = SceneDelegate.swift; sourceTree = "<group>"; };
		80DEF40A26D6221B004EC6A4 /* ViewController.swift */ = {isa = PBXFileReference; lastKnownFileType = sourcecode.swift; path = ViewController.swift; sourceTree = "<group>"; };
		80DEF40D26D6221B004EC6A4 /* Base */ = {isa = PBXFileReference; lastKnownFileType = file.storyboard; name = Base; path = Base.lproj/Main.storyboard; sourceTree = "<group>"; };
		80DEF40F26D6221E004EC6A4 /* Assets.xcassets */ = {isa = PBXFileReference; lastKnownFileType = folder.assetcatalog; path = Assets.xcassets; sourceTree = "<group>"; };
		80DEF41226D6221E004EC6A4 /* Base */ = {isa = PBXFileReference; lastKnownFileType = file.storyboard; name = Base; path = Base.lproj/LaunchScreen.storyboard; sourceTree = "<group>"; };
		80DEF41426D6221E004EC6A4 /* Info.plist */ = {isa = PBXFileReference; lastKnownFileType = text.plist.xml; path = Info.plist; sourceTree = "<group>"; };
		80DEF42126D6562E004EC6A4 /* record_image.png */ = {isa = PBXFileReference; lastKnownFileType = image.png; name = record_image.png; path = ../../../../../Documents/Swift_material/record_image.png; sourceTree = "<group>"; };
		80DEF42526D659A4004EC6A4 /* stop_image.png */ = {isa = PBXFileReference; lastKnownFileType = image.png; name = stop_image.png; path = ../../../../../Documents/Swift_material/stop_image.png; sourceTree = "<group>"; };
		80DEF42626D659A4004EC6A4 /* play_image.png */ = {isa = PBXFileReference; lastKnownFileType = image.png; name = play_image.png; path = ../../../../../Documents/Swift_material/play_image.png; sourceTree = "<group>"; };
		80DEF42B26D659CD004EC6A4 /* start_button.png */ = {isa = PBXFileReference; lastKnownFileType = image.png; name = start_button.png; path = ../../../../../Documents/Swift_material/start_button.png; sourceTree = "<group>"; };
/* End PBXFileReference section */

/* Begin PBXFrameworksBuildPhase section */
		80DEF40026D6221B004EC6A4 /* Frameworks */ = {
			isa = PBXFrameworksBuildPhase;
			buildActionMask = 2147483647;
			files = (
			);
			runOnlyForDeploymentPostprocessing = 0;
		};
/* End PBXFrameworksBuildPhase section */

/* Begin PBXGroup section */
		80DEF3FA26D6221B004EC6A4 = {
			isa = PBXGroup;
			children = (
				80DEF40526D6221B004EC6A4 /* ClapPro */,
				80DEF40426D6221B004EC6A4 /* Products */,
			);
			sourceTree = "<group>";
		};
		80DEF40426D6221B004EC6A4 /* Products */ = {
			isa = PBXGroup;
			children = (
				80DEF40326D6221B004EC6A4 /* ClapPro.app */,
			);
			name = Products;
			sourceTree = "<group>";
		};
		80DEF40526D6221B004EC6A4 /* ClapPro */ = {
			isa = PBXGroup;
			children = (
				80DEF40626D6221B004EC6A4 /* AppDelegate.swift */,
				80DEF40826D6221B004EC6A4 /* SceneDelegate.swift */,
				80DEF40A26D6221B004EC6A4 /* ViewController.swift */,
				80DEF40C26D6221B004EC6A4 /* Main.storyboard */,
				80DEF42626D659A4004EC6A4 /* play_image.png */,
				80DEF42526D659A4004EC6A4 /* stop_image.png */,
				80DEF42126D6562E004EC6A4 /* record_image.png */,
				80DEF40F26D6221E004EC6A4 /* Assets.xcassets */,
				80DEF42B26D659CD004EC6A4 /* start_button.png */,
				80DEF41126D6221E004EC6A4 /* LaunchScreen.storyboard */,
				80DEF41426D6221E004EC6A4 /* Info.plist */,
			);
			path = ClapPro;
			sourceTree = "<group>";
		};
/* End PBXGroup section */

/* Begin PBXNativeTarget section */
		80DEF40226D6221B004EC6A4 /* ClapPro */ = {
			isa = PBXNativeTarget;
			buildConfigurationList = 80DEF41726D6221E004EC6A4 /* Build configuration list for PBXNativeTarget "ClapPro" */;
			buildPhases = (
				80DEF3FF26D6221B004EC6A4 /* Sources */,
				80DEF40026D6221B004EC6A4 /* Frameworks */,
				80DEF40126D6221B004EC6A4 /* Resources */,
			);
			buildRules = (
			);
			dependencies = (
			);
			name = ClapPro;
			productName = ClapPro;
			productReference = 80DEF40326D6221B004EC6A4 /* ClapPro.app */;
			productType = "com.apple.product-type.application";
		};
/* End PBXNativeTarget section */

/* Begin PBXProject section */
		80DEF3FB26D6221B004EC6A4 /* Project object */ = {
			isa = PBXProject;
			attributes = {
				LastSwiftUpdateCheck = 1240;
				LastUpgradeCheck = 1240;
				TargetAttributes = {
					80DEF40226D6221B004EC6A4 = {
						CreatedOnToolsVersion = 12.4;
					};
				};
			};
			buildConfigurationList = 80DEF3FE26D6221B004EC6A4 /* Build configuration list for PBXProject "ClapPro" */;
			compatibilityVersion = "Xcode 9.3";
			developmentRegion = en;
			hasScannedForEncodings = 0;
			knownRegions = (
				en,
				Base,
			);
			mainGroup = 80DEF3FA26D6221B004EC6A4;
			productRefGroup = 80DEF40426D6221B004EC6A4 /* Products */;
			projectDirPath = "";
			projectRoot = "";
			targets = (
				80DEF40226D6221B004EC6A4 /* ClapPro */,
			);
		};
/* End PBXProject section */

/* Begin PBXResourcesBuildPhase section */
		80DEF40126D6221B004EC6A4 /* Resources */ = {
			isa = PBXResourcesBuildPhase;
			buildActionMask = 2147483647;
			files = (
				80DEF41326D6221E004EC6A4 /* LaunchScreen.storyboard in Resources */,
				80DEF42826D659A4004EC6A4 /* play_image.png in Resources */,
				80DEF42726D659A4004EC6A4 /* stop_image.png in Resources */,
				80DEF41026D6221E004EC6A4 /* Assets.xcassets in Resources */,
				80DEF42226D6562E004EC6A4 /* record_image.png in Resources */,
				80DEF42C26D659CD004EC6A4 /* start_button.png in Resources */,
				80DEF40E26D6221B004EC6A4 /* Main.storyboard in Resources */,
			);
			runOnlyForDeploymentPostprocessing = 0;
		};
/* End PBXResourcesBuildPhase section */

/* Begin PBXSourcesBuildPhase section */
		80DEF3FF26D6221B004EC6A4 /* Sources */ = {
			isa = PBXSourcesBuildPhase;
			buildActionMask = 2147483647;
			files = (
				80DEF40B26D6221B004EC6A4 /* ViewController.swift in Sources */,
				80DEF40726D6221B004EC6A4 /* AppDelegate.swift in Sources */,
				80DEF40926D6221B004EC6A4 /* SceneDelegate.swift in Sources */,
			);
			runOnlyForDeploymentPostprocessing = 0;
		};
/* End PBXSourcesBuildPhase section */

/* Begin PBXVariantGroup section */
		80DEF40C26D6221B004EC6A4 /* Main.storyboard */ = {
			isa = PBXVariantGroup;
			children = (
				80DEF40D26D6221B004EC6A4 /* Base */,
			);
			name = Main.storyboard;
			sourceTree = "<group>";
		};
		80DEF41126D6221E004EC6A4 /* LaunchScreen.storyboard */ = {
			isa = PBXVariantGroup;
			children = (
				80DEF41226D6221E004EC6A4 /* Base */,
			);
			name = LaunchScreen.storyboard;
			sourceTree = "<group>";
		};
/* End PBXVariantGroup section */

/* Begin XCBuildConfiguration section */
		80DEF41526D6221E004EC6A4 /* Debug */ = {
			isa = XCBuildConfiguration;
			buildSettings = {
				ALWAYS_SEARCH_USER_PATHS = NO;
				CLANG_ANALYZER_NONNULL = YES;
				CLANG_ANALYZER_NUMBER_OBJECT_CONVERSION = YES_AGGRESSIVE;
				CLANG_CXX_LANGUAGE_STANDARD = "gnu++14";
				CLANG_CXX_LIBRARY = "libc++";
				CLANG_ENABLE_MODULES = YES;
				CLANG_ENABLE_OBJC_ARC = YES;
				CLANG_ENABLE_OBJC_WEAK = YES;
				CLANG_WARN_BLOCK_CAPTURE_AUTORELEASING = YES;
				CLANG_WARN_BOOL_CONVERSION = YES;
				CLANG_WARN_COMMA = YES;
				CLANG_WARN_CONSTANT_CONVERSION = YES;
				CLANG_WARN_DEPRECATED_OBJC_IMPLEMENTATIONS = YES;
				CLANG_WARN_DIRECT_OBJC_ISA_USAGE = YES_ERROR;
				CLANG_WARN_DOCUMENTATION_COMMENTS = YES;
				CLANG_WARN_EMPTY_BODY = YES;
				CLANG_WARN_ENUM_CONVERSION = YES;
				CLANG_WARN_INFINITE_RECURSION = YES;
				CLANG_WARN_INT_CONVERSION = YES;
				CLANG_WARN_NON_LITERAL_NULL_CONVERSION = YES;
				CLANG_WARN_OBJC_IMPLICIT_RETAIN_SELF = YES;
				CLANG_WARN_OBJC_LITERAL_CONVERSION = YES;
				CLANG_WARN_OBJC_ROOT_CLASS = YES_ERROR;
				CLANG_WARN_QUOTED_INCLUDE_IN_FRAMEWORK_HEADER = YES;
				CLANG_WARN_RANGE_LOOP_ANALYSIS = YES;
				CLANG_WARN_STRICT_PROTOTYPES = YES;
				CLANG_WARN_SUSPICIOUS_MOVE = YES;
				CLANG_WARN_UNGUARDED_AVAILABILITY = YES_AGGRESSIVE;
				CLANG_WARN_UNREACHABLE_CODE = YES;
				CLANG_WARN__DUPLICATE_METHOD_MATCH = YES;
				COPY_PHASE_STRIP = NO;
				DEBUG_INFORMATION_FORMAT = dwarf;
				ENABLE_STRICT_OBJC_MSGSEND = YES;
				ENABLE_TESTABILITY = YES;
				GCC_C_LANGUAGE_STANDARD = gnu11;
				GCC_DYNAMIC_NO_PIC = NO;
				GCC_NO_COMMON_BLOCKS = YES;
				GCC_OPTIMIZATION_LEVEL = 0;
				GCC_PREPROCESSOR_DEFINITIONS = (
					"DEBUG=1",
					"$(inherited)",
				);
				GCC_WARN_64_TO_32_BIT_CONVERSION = YES;
				GCC_WARN_ABOUT_RETURN_TYPE = YES_ERROR;
				GCC_WARN_UNDECLARED_SELECTOR = YES;
				GCC_WARN_UNINITIALIZED_AUTOS = YES_AGGRESSIVE;
				GCC_WARN_UNUSED_FUNCTION = YES;
				GCC_WARN_UNUSED_VARIABLE = YES;
				IPHONEOS_DEPLOYMENT_TARGET = 14.4;
				MTL_ENABLE_DEBUG_INFO = INCLUDE_SOURCE;
				MTL_FAST_MATH = YES;
				ONLY_ACTIVE_ARCH = YES;
				SDKROOT = iphoneos;
				SWIFT_ACTIVE_COMPILATION_CONDITIONS = DEBUG;
				SWIFT_OPTIMIZATION_LEVEL = "-Onone";
			};
			name = Debug;
		};
		80DEF41626D6221E004EC6A4 /* Release */ = {
			isa = XCBuildConfiguration;
			buildSettings = {
				ALWAYS_SEARCH_USER_PATHS = NO;
				CLANG_ANALYZER_NONNULL = YES;
				CLANG_ANALYZER_NUMBER_OBJECT_CONVERSION = YES_AGGRESSIVE;
				CLANG_CXX_LANGUAGE_STANDARD = "gnu++14";
				CLANG_CXX_LIBRARY = "libc++";
				CLANG_ENABLE_MODULES = YES;
				CLANG_ENABLE_OBJC_ARC = YES;
				CLANG_ENABLE_OBJC_WEAK = YES;
				CLANG_WARN_BLOCK_CAPTURE_AUTORELEASING = YES;
				CLANG_WARN_BOOL_CONVERSION = YES;
				CLANG_WARN_COMMA = YES;
				CLANG_WARN_CONSTANT_CONVERSION = YES;
				CLANG_WARN_DEPRECATED_OBJC_IMPLEMENTATIONS = YES;
				CLANG_WARN_DIRECT_OBJC_ISA_USAGE = YES_ERROR;
				CLANG_WARN_DOCUMENTATION_COMMENTS = YES;
				CLANG_WARN_EMPTY_BODY = YES;
				CLANG_WARN_ENUM_CONVERSION = YES;
				CLANG_WARN_INFINITE_RECURSION = YES;
				CLANG_WARN_INT_CONVERSION = YES;
				CLANG_WARN_NON_LITERAL_NULL_CONVERSION = YES;
				CLANG_WARN_OBJC_IMPLICIT_RETAIN_SELF = YES;
				CLANG_WARN_OBJC_LITERAL_CONVERSION = YES;
				CLANG_WARN_OBJC_ROOT_CLASS = YES_ERROR;
				CLANG_WARN_QUOTED_INCLUDE_IN_FRAMEWORK_HEADER = YES;
				CLANG_WARN_RANGE_LOOP_ANALYSIS = YES;
				CLANG_WARN_STRICT_PROTOTYPES = YES;
				CLANG_WARN_SUSPICIOUS_MOVE = YES;
				CLANG_WARN_UNGUARDED_AVAILABILITY = YES_AGGRESSIVE;
				CLANG_WARN_UNREACHABLE_CODE = YES;
				CLANG_WARN__DUPLICATE_METHOD_MATCH = YES;
				COPY_PHASE_STRIP = NO;
				DEBUG_INFORMATION_FORMAT = "dwarf-with-dsym";
				ENABLE_NS_ASSERTIONS = NO;
				ENABLE_STRICT_OBJC_MSGSEND = YES;
				GCC_C_LANGUAGE_STANDARD = gnu11;
				GCC_NO_COMMON_BLOCKS = YES;
				GCC_WARN_64_TO_32_BIT_CONVERSION = YES;
				GCC_WARN_ABOUT_RETURN_TYPE = YES_ERROR;
				GCC_WARN_UNDECLARED_SELECTOR = YES;
				GCC_WARN_UNINITIALIZED_AUTOS = YES_AGGRESSIVE;
				GCC_WARN_UNUSED_FUNCTION = YES;
				GCC_WARN_UNUSED_VARIABLE = YES;
				IPHONEOS_DEPLOYMENT_TARGET = 14.4;
				MTL_ENABLE_DEBUG_INFO = NO;
				MTL_FAST_MATH = YES;
				SDKROOT = iphoneos;
				SWIFT_COMPILATION_MODE = wholemodule;
				SWIFT_OPTIMIZATION_LEVEL = "-O";
				VALIDATE_PRODUCT = YES;
			};
			name = Release;
		};
		80DEF41826D6221E004EC6A4 /* Debug */ = {
			isa = XCBuildConfiguration;
			buildSettings = {
				ASSETCATALOG_COMPILER_APPICON_NAME = AppIcon;
				ASSETCATALOG_COMPILER_GLOBAL_ACCENT_COLOR_NAME = AccentColor;
				CODE_SIGN_STYLE = Automatic;
				DEVELOPMENT_TEAM = 646X9PU4NP;
				INFOPLIST_FILE = ClapPro/Info.plist;
				LD_RUNPATH_SEARCH_PATHS = (
					"$(inherited)",
					"@executable_path/Frameworks",
				);
				PRODUCT_BUNDLE_IDENTIFIER = Ryoya.ClapPro;
				PRODUCT_NAME = "$(TARGET_NAME)";
				SWIFT_VERSION = 5.0;
				TARGETED_DEVICE_FAMILY = "1,2";
			};
			name = Debug;
		};
		80DEF41926D6221E004EC6A4 /* Release */ = {
			isa = XCBuildConfiguration;
			buildSettings = {
				ASSETCATALOG_COMPILER_APPICON_NAME = AppIcon;
				ASSETCATALOG_COMPILER_GLOBAL_ACCENT_COLOR_NAME = AccentColor;
				CODE_SIGN_STYLE = Automatic;
				DEVELOPMENT_TEAM = 646X9PU4NP;
				INFOPLIST_FILE = ClapPro/Info.plist;
				LD_RUNPATH_SEARCH_PATHS = (
					"$(inherited)",
					"@executable_path/Frameworks",
				);
				PRODUCT_BUNDLE_IDENTIFIER = Ryoya.ClapPro;
				PRODUCT_NAME = "$(TARGET_NAME)";
				SWIFT_VERSION = 5.0;
				TARGETED_DEVICE_FAMILY = "1,2";
			};
			name = Release;
		};
/* End XCBuildConfiguration section */

/* Begin XCConfigurationList section */
		80DEF3FE26D6221B004EC6A4 /* Build configuration list for PBXProject "ClapPro" */ = {
			isa = XCConfigurationList;
			buildConfigurations = (
				80DEF41526D6221E004EC6A4 /* Debug */,
				80DEF41626D6221E004EC6A4 /* Release */,
			);
			defaultConfigurationIsVisible = 0;
			defaultConfigurationName = Release;
		};
		80DEF41726D6221E004EC6A4 /* Build configuration list for PBXNativeTarget "ClapPro" */ = {
			isa = XCConfigurationList;
			buildConfigurations = (
				80DEF41826D6221E004EC6A4 /* Debug */,
				80DEF41926D6221E004EC6A4 /* Release */,
			);
			defaultConfigurationIsVisible = 0;
			defaultConfigurationName = Release;
		};
/* End XCConfigurationList section */
	};
	rootObject = 80DEF3FB26D6221B004EC6A4 /* Project object */;
}
